// !$*UTF8*$!
{
	archiveVersion = 1;
	classes = {
	};
	objectVersion = 52;
	objects = {

/* Begin PBXBuildFile section */
		62E988C323C56EA2003702A7 /* main.swift in Sources */ = {isa = PBXBuildFile; fileRef = 62E988C223C56EA2003702A7 /* main.swift */; };
		62E988CB23C56F4F003702A7 /* SwiftWebUI in Frameworks */ = {isa = PBXBuildFile; productRef = 62E988CA23C56F4F003702A7 /* SwiftWebUI */; };
		62E988CF23C57EB8003702A7 /* MainView.swift in Sources */ = {isa = PBXBuildFile; fileRef = 62E988CE23C57EB8003702A7 /* MainView.swift */; };
		62E988D123C5BEE3003702A7 /* LoginView.swift in Sources */ = {isa = PBXBuildFile; fileRef = 62E988D023C5BEE3003702A7 /* LoginView.swift */; };
		62E988D323C5C749003702A7 /* VendorView.swift in Sources */ = {isa = PBXBuildFile; fileRef = 62E988D223C5C749003702A7 /* VendorView.swift */; };
		62E988D823C6E958003702A7 /* URLSession.swift in Sources */ = {isa = PBXBuildFile; fileRef = 62E988D723C6E958003702A7 /* URLSession.swift */; };
		62E988DD23C6E968003702A7 /* User.swift in Sources */ = {isa = PBXBuildFile; fileRef = 62E988D923C6E968003702A7 /* User.swift */; };
		62E988DE23C6E968003702A7 /* Token.swift in Sources */ = {isa = PBXBuildFile; fileRef = 62E988DA23C6E968003702A7 /* Token.swift */; };
		62E988DF23C6E968003702A7 /* Product.swift in Sources */ = {isa = PBXBuildFile; fileRef = 62E988DB23C6E968003702A7 /* Product.swift */; };
		62E988E023C6E968003702A7 /* Profile.swift in Sources */ = {isa = PBXBuildFile; fileRef = 62E988DC23C6E968003702A7 /* Profile.swift */; };
		62E988E223C7455A003702A7 /* String.swift in Sources */ = {isa = PBXBuildFile; fileRef = 62E988E123C7455A003702A7 /* String.swift */; };
		62E988E523C7549C003702A7 /* SUIMessage.swift in Sources */ = {isa = PBXBuildFile; fileRef = 62E988E423C7549C003702A7 /* SUIMessage.swift */; };
		62E988E823C7EFA5003702A7 /* AccessToken.swift in Sources */ = {isa = PBXBuildFile; fileRef = 62E988E723C7EFA5003702A7 /* AccessToken.swift */; };
/* End PBXBuildFile section */

/* Begin PBXCopyFilesBuildPhase section */
		62E988BD23C56EA2003702A7 /* CopyFiles */ = {
			isa = PBXCopyFilesBuildPhase;
			buildActionMask = 2147483647;
			dstPath = /usr/share/man/man1/;
			dstSubfolderSpec = 0;
			files = (
			);
			runOnlyForDeploymentPostprocessing = 1;
		};
/* End PBXCopyFilesBuildPhase section */

/* Begin PBXFileReference section */
		62E988BF23C56EA2003702A7 /* NextUpWeb */ = {isa = PBXFileReference; explicitFileType = "compiled.mach-o.executable"; includeInIndex = 0; path = NextUpWeb; sourceTree = BUILT_PRODUCTS_DIR; };
		62E988C223C56EA2003702A7 /* main.swift */ = {isa = PBXFileReference; lastKnownFileType = sourcecode.swift; path = main.swift; sourceTree = "<group>"; };
		62E988CE23C57EB8003702A7 /* MainView.swift */ = {isa = PBXFileReference; lastKnownFileType = sourcecode.swift; path = MainView.swift; sourceTree = "<group>"; };
		62E988D023C5BEE3003702A7 /* LoginView.swift */ = {isa = PBXFileReference; lastKnownFileType = sourcecode.swift; path = LoginView.swift; sourceTree = "<group>"; };
		62E988D223C5C749003702A7 /* VendorView.swift */ = {isa = PBXFileReference; lastKnownFileType = sourcecode.swift; path = VendorView.swift; sourceTree = "<group>"; };
		62E988D723C6E958003702A7 /* URLSession.swift */ = {isa = PBXFileReference; fileEncoding = 4; lastKnownFileType = sourcecode.swift; path = URLSession.swift; sourceTree = "<group>"; };
		62E988D923C6E968003702A7 /* User.swift */ = {isa = PBXFileReference; fileEncoding = 4; lastKnownFileType = sourcecode.swift; path = User.swift; sourceTree = "<group>"; };
		62E988DA23C6E968003702A7 /* Token.swift */ = {isa = PBXFileReference; fileEncoding = 4; lastKnownFileType = sourcecode.swift; path = Token.swift; sourceTree = "<group>"; };
		62E988DB23C6E968003702A7 /* Product.swift */ = {isa = PBXFileReference; fileEncoding = 4; lastKnownFileType = sourcecode.swift; path = Product.swift; sourceTree = "<group>"; };
		62E988DC23C6E968003702A7 /* Profile.swift */ = {isa = PBXFileReference; fileEncoding = 4; lastKnownFileType = sourcecode.swift; path = Profile.swift; sourceTree = "<group>"; };
		62E988E123C7455A003702A7 /* String.swift */ = {isa = PBXFileReference; fileEncoding = 4; lastKnownFileType = sourcecode.swift; path = String.swift; sourceTree = "<group>"; };
		62E988E423C7549C003702A7 /* SUIMessage.swift */ = {isa = PBXFileReference; lastKnownFileType = sourcecode.swift; path = SUIMessage.swift; sourceTree = "<group>"; };
		62E988E723C7EFA5003702A7 /* AccessToken.swift */ = {isa = PBXFileReference; lastKnownFileType = sourcecode.swift; path = AccessToken.swift; sourceTree = "<group>"; };
/* End PBXFileReference section */

/* Begin PBXFrameworksBuildPhase section */
		62E988BC23C56EA2003702A7 /* Frameworks */ = {
			isa = PBXFrameworksBuildPhase;
			buildActionMask = 2147483647;
			files = (
				62E988CB23C56F4F003702A7 /* SwiftWebUI in Frameworks */,
			);
			runOnlyForDeploymentPostprocessing = 0;
		};
/* End PBXFrameworksBuildPhase section */

/* Begin PBXGroup section */
		62E988B623C56EA2003702A7 = {
			isa = PBXGroup;
			children = (
				62E988C123C56EA2003702A7 /* NextUpWeb */,
				62E988C023C56EA2003702A7 /* Products */,
			);
			sourceTree = "<group>";
		};
		62E988C023C56EA2003702A7 /* Products */ = {
			isa = PBXGroup;
			children = (
				62E988BF23C56EA2003702A7 /* NextUpWeb */,
			);
			name = Products;
			sourceTree = "<group>";
		};
		62E988C123C56EA2003702A7 /* NextUpWeb */ = {
			isa = PBXGroup;
			children = (
				62E988D423C6E90B003702A7 /* Extensions */,
				62E988CD23C57EA3003702A7 /* Models */,
				62E988CC23C57E9B003702A7 /* Views */,
				62E988C223C56EA2003702A7 /* main.swift */,
			);
			path = NextUpWeb;
			sourceTree = "<group>";
		};
		62E988CC23C57E9B003702A7 /* Views */ = {
			isa = PBXGroup;
			children = (
				62E988E323C75463003702A7 /* SemanticUI */,
				62E988CE23C57EB8003702A7 /* MainView.swift */,
				62E988D023C5BEE3003702A7 /* LoginView.swift */,
				62E988D223C5C749003702A7 /* VendorView.swift */,
			);
			path = Views;
			sourceTree = "<group>";
		};
		62E988CD23C57EA3003702A7 /* Models */ = {
			isa = PBXGroup;
			children = (
				62E988E623C7EF93003702A7 /* Observable */,
				62E988DB23C6E968003702A7 /* Product.swift */,
				62E988DC23C6E968003702A7 /* Profile.swift */,
				62E988DA23C6E968003702A7 /* Token.swift */,
				62E988D923C6E968003702A7 /* User.swift */,
			);
			path = Models;
			sourceTree = "<group>";
		};
		62E988D423C6E90B003702A7 /* Extensions */ = {
			isa = PBXGroup;
			children = (
				62E988D623C6E940003702A7 /* SUI */,
				62E988D523C6E91E003702A7 /* Types */,
			);
			path = Extensions;
			sourceTree = "<group>";
		};
		62E988D523C6E91E003702A7 /* Types */ = {
			isa = PBXGroup;
			children = (
				62E988E123C7455A003702A7 /* String.swift */,
				62E988D723C6E958003702A7 /* URLSession.swift */,
			);
			path = Types;
			sourceTree = "<group>";
		};
		62E988D623C6E940003702A7 /* SUI */ = {
			isa = PBXGroup;
			children = (
			);
			path = SUI;
			sourceTree = "<group>";
		};
		62E988E323C75463003702A7 /* SemanticUI */ = {
			isa = PBXGroup;
			children = (
				62E988E423C7549C003702A7 /* SUIMessage.swift */,
			);
			path = SemanticUI;
			sourceTree = "<group>";
		};
		62E988E623C7EF93003702A7 /* Observable */ = {
			isa = PBXGroup;
			children = (
				62E988E723C7EFA5003702A7 /* AccessToken.swift */,
			);
			path = Observable;
			sourceTree = "<group>";
		};
/* End PBXGroup section */

/* Begin PBXNativeTarget section */
		62E988BE23C56EA2003702A7 /* NextUpWeb */ = {
			isa = PBXNativeTarget;
			buildConfigurationList = 62E988C623C56EA2003702A7 /* Build configuration list for PBXNativeTarget "NextUpWeb" */;
			buildPhases = (
				62E988BB23C56EA2003702A7 /* Sources */,
				62E988BC23C56EA2003702A7 /* Frameworks */,
				62E988BD23C56EA2003702A7 /* CopyFiles */,
			);
			buildRules = (
			);
			dependencies = (
			);
			name = NextUpWeb;
			packageProductDependencies = (
				62E988CA23C56F4F003702A7 /* SwiftWebUI */,
			);
			productName = NextUpWeb;
			productReference = 62E988BF23C56EA2003702A7 /* NextUpWeb */;
			productType = "com.apple.product-type.tool";
		};
/* End PBXNativeTarget section */

/* Begin PBXProject section */
		62E988B723C56EA2003702A7 /* Project object */ = {
			isa = PBXProject;
			attributes = {
				LastSwiftUpdateCheck = 1130;
				LastUpgradeCheck = 1130;
				ORGANIZATIONNAME = NextUp;
				TargetAttributes = {
					62E988BE23C56EA2003702A7 = {
						CreatedOnToolsVersion = 11.3;
					};
				};
			};
			buildConfigurationList = 62E988BA23C56EA2003702A7 /* Build configuration list for PBXProject "NextUpWeb" */;
			compatibilityVersion = "Xcode 9.3";
			developmentRegion = en;
			hasScannedForEncodings = 0;
			knownRegions = (
				en,
				Base,
			);
			mainGroup = 62E988B623C56EA2003702A7;
			packageReferences = (
				62E988C923C56F4F003702A7 /* XCRemoteSwiftPackageReference "SwiftWebUI" */,
			);
			productRefGroup = 62E988C023C56EA2003702A7 /* Products */;
			projectDirPath = "";
			projectRoot = "";
			targets = (
				62E988BE23C56EA2003702A7 /* NextUpWeb */,
			);
		};
/* End PBXProject section */

/* Begin PBXSourcesBuildPhase section */
		62E988BB23C56EA2003702A7 /* Sources */ = {
			isa = PBXSourcesBuildPhase;
			buildActionMask = 2147483647;
			files = (
				62E988D323C5C749003702A7 /* VendorView.swift in Sources */,
				62E988DF23C6E968003702A7 /* Product.swift in Sources */,
				62E988E223C7455A003702A7 /* String.swift in Sources */,
				62E988DE23C6E968003702A7 /* Token.swift in Sources */,
				62E988D123C5BEE3003702A7 /* LoginView.swift in Sources */,
				62E988DD23C6E968003702A7 /* User.swift in Sources */,
				62E988D823C6E958003702A7 /* URLSession.swift in Sources */,
				62E988E523C7549C003702A7 /* SUIMessage.swift in Sources */,
				62E988C323C56EA2003702A7 /* main.swift in Sources */,
				62E988E023C6E968003702A7 /* Profile.swift in Sources */,
				62E988CF23C57EB8003702A7 /* MainView.swift in Sources */,
				62E988E823C7EFA5003702A7 /* AccessToken.swift in Sources */,
			);
			runOnlyForDeploymentPostprocessing = 0;
		};
/* End PBXSourcesBuildPhase section */

/* Begin XCBuildConfiguration section */
		62E988C423C56EA2003702A7 /* Debug */ = {
			isa = XCBuildConfiguration;
			buildSettings = {
				ALWAYS_SEARCH_USER_PATHS = NO;
				CLANG_ANALYZER_NONNULL = YES;
				CLANG_ANALYZER_NUMBER_OBJECT_CONVERSION = YES_AGGRESSIVE;
				CLANG_CXX_LANGUAGE_STANDARD = "gnu++14";
				CLANG_CXX_LIBRARY = "libc++";
				CLANG_ENABLE_MODULES = YES;
				CLANG_ENABLE_OBJC_ARC = YES;
				CLANG_ENABLE_OBJC_WEAK = YES;
				CLANG_WARN_BLOCK_CAPTURE_AUTORELEASING = YES;
				CLANG_WARN_BOOL_CONVERSION = YES;
				CLANG_WARN_COMMA = YES;
				CLANG_WARN_CONSTANT_CONVERSION = YES;
				CLANG_WARN_DEPRECATED_OBJC_IMPLEMENTATIONS = YES;
				CLANG_WARN_DIRECT_OBJC_ISA_USAGE = YES_ERROR;
				CLANG_WARN_DOCUMENTATION_COMMENTS = YES;
				CLANG_WARN_EMPTY_BODY = YES;
				CLANG_WARN_ENUM_CONVERSION = YES;
				CLANG_WARN_INFINITE_RECURSION = YES;
				CLANG_WARN_INT_CONVERSION = YES;
				CLANG_WARN_NON_LITERAL_NULL_CONVERSION = YES;
				CLANG_WARN_OBJC_IMPLICIT_RETAIN_SELF = YES;
				CLANG_WARN_OBJC_LITERAL_CONVERSION = YES;
				CLANG_WARN_OBJC_ROOT_CLASS = YES_ERROR;
				CLANG_WARN_RANGE_LOOP_ANALYSIS = YES;
				CLANG_WARN_STRICT_PROTOTYPES = YES;
				CLANG_WARN_SUSPICIOUS_MOVE = YES;
				CLANG_WARN_UNGUARDED_AVAILABILITY = YES_AGGRESSIVE;
				CLANG_WARN_UNREACHABLE_CODE = YES;
				CLANG_WARN__DUPLICATE_METHOD_MATCH = YES;
				COPY_PHASE_STRIP = NO;
				DEBUG_INFORMATION_FORMAT = dwarf;
				ENABLE_STRICT_OBJC_MSGSEND = YES;
				ENABLE_TESTABILITY = YES;
				GCC_C_LANGUAGE_STANDARD = gnu11;
				GCC_DYNAMIC_NO_PIC = NO;
				GCC_NO_COMMON_BLOCKS = YES;
				GCC_OPTIMIZATION_LEVEL = 0;
				GCC_PREPROCESSOR_DEFINITIONS = (
					"DEBUG=1",
					"$(inherited)",
				);
				GCC_WARN_64_TO_32_BIT_CONVERSION = YES;
				GCC_WARN_ABOUT_RETURN_TYPE = YES_ERROR;
				GCC_WARN_UNDECLARED_SELECTOR = YES;
				GCC_WARN_UNINITIALIZED_AUTOS = YES_AGGRESSIVE;
				GCC_WARN_UNUSED_FUNCTION = YES;
				GCC_WARN_UNUSED_VARIABLE = YES;
				MACOSX_DEPLOYMENT_TARGET = 10.15;
				MTL_ENABLE_DEBUG_INFO = INCLUDE_SOURCE;
				MTL_FAST_MATH = YES;
				ONLY_ACTIVE_ARCH = YES;
				SDKROOT = macosx;
				SWIFT_ACTIVE_COMPILATION_CONDITIONS = DEBUG;
				SWIFT_OPTIMIZATION_LEVEL = "-Onone";
			};
			name = Debug;
		};
		62E988C523C56EA2003702A7 /* Release */ = {
			isa = XCBuildConfiguration;
			buildSettings = {
				ALWAYS_SEARCH_USER_PATHS = NO;
				CLANG_ANALYZER_NONNULL = YES;
				CLANG_ANALYZER_NUMBER_OBJECT_CONVERSION = YES_AGGRESSIVE;
				CLANG_CXX_LANGUAGE_STANDARD = "gnu++14";
				CLANG_CXX_LIBRARY = "libc++";
				CLANG_ENABLE_MODULES = YES;
				CLANG_ENABLE_OBJC_ARC = YES;
				CLANG_ENABLE_OBJC_WEAK = YES;
				CLANG_WARN_BLOCK_CAPTURE_AUTORELEASING = YES;
				CLANG_WARN_BOOL_CONVERSION = YES;
				CLANG_WARN_COMMA = YES;
				CLANG_WARN_CONSTANT_CONVERSION = YES;
				CLANG_WARN_DEPRECATED_OBJC_IMPLEMENTATIONS = YES;
				CLANG_WARN_DIRECT_OBJC_ISA_USAGE = YES_ERROR;
				CLANG_WARN_DOCUMENTATION_COMMENTS = YES;
				CLANG_WARN_EMPTY_BODY = YES;
				CLANG_WARN_ENUM_CONVERSION = YES;
				CLANG_WARN_INFINITE_RECURSION = YES;
				CLANG_WARN_INT_CONVERSION = YES;
				CLANG_WARN_NON_LITERAL_NULL_CONVERSION = YES;
				CLANG_WARN_OBJC_IMPLICIT_RETAIN_SELF = YES;
				CLANG_WARN_OBJC_LITERAL_CONVERSION = YES;
				CLANG_WARN_OBJC_ROOT_CLASS = YES_ERROR;
				CLANG_WARN_RANGE_LOOP_ANALYSIS = YES;
				CLANG_WARN_STRICT_PROTOTYPES = YES;
				CLANG_WARN_SUSPICIOUS_MOVE = YES;
				CLANG_WARN_UNGUARDED_AVAILABILITY = YES_AGGRESSIVE;
				CLANG_WARN_UNREACHABLE_CODE = YES;
				CLANG_WARN__DUPLICATE_METHOD_MATCH = YES;
				COPY_PHASE_STRIP = NO;
				DEBUG_INFORMATION_FORMAT = "dwarf-with-dsym";
				ENABLE_NS_ASSERTIONS = NO;
				ENABLE_STRICT_OBJC_MSGSEND = YES;
				GCC_C_LANGUAGE_STANDARD = gnu11;
				GCC_NO_COMMON_BLOCKS = YES;
				GCC_WARN_64_TO_32_BIT_CONVERSION = YES;
				GCC_WARN_ABOUT_RETURN_TYPE = YES_ERROR;
				GCC_WARN_UNDECLARED_SELECTOR = YES;
				GCC_WARN_UNINITIALIZED_AUTOS = YES_AGGRESSIVE;
				GCC_WARN_UNUSED_FUNCTION = YES;
				GCC_WARN_UNUSED_VARIABLE = YES;
				MACOSX_DEPLOYMENT_TARGET = 10.15;
				MTL_ENABLE_DEBUG_INFO = NO;
				MTL_FAST_MATH = YES;
				SDKROOT = macosx;
				SWIFT_COMPILATION_MODE = wholemodule;
				SWIFT_OPTIMIZATION_LEVEL = "-O";
			};
			name = Release;
		};
		62E988C723C56EA2003702A7 /* Debug */ = {
			isa = XCBuildConfiguration;
			buildSettings = {
				CODE_SIGN_STYLE = Automatic;
				PRODUCT_NAME = "$(TARGET_NAME)";
				SWIFT_VERSION = 5.0;
			};
			name = Debug;
		};
		62E988C823C56EA2003702A7 /* Release */ = {
			isa = XCBuildConfiguration;
			buildSettings = {
				CODE_SIGN_STYLE = Automatic;
				PRODUCT_NAME = "$(TARGET_NAME)";
				SWIFT_VERSION = 5.0;
			};
			name = Release;
		};
/* End XCBuildConfiguration section */

/* Begin XCConfigurationList section */
		62E988BA23C56EA2003702A7 /* Build configuration list for PBXProject "NextUpWeb" */ = {
			isa = XCConfigurationList;
			buildConfigurations = (
				62E988C423C56EA2003702A7 /* Debug */,
				62E988C523C56EA2003702A7 /* Release */,
			);
			defaultConfigurationIsVisible = 0;
			defaultConfigurationName = Release;
		};
		62E988C623C56EA2003702A7 /* Build configuration list for PBXNativeTarget "NextUpWeb" */ = {
			isa = XCConfigurationList;
			buildConfigurations = (
				62E988C723C56EA2003702A7 /* Debug */,
				62E988C823C56EA2003702A7 /* Release */,
			);
			defaultConfigurationIsVisible = 0;
			defaultConfigurationName = Release;
		};
/* End XCConfigurationList section */

/* Begin XCRemoteSwiftPackageReference section */
		62E988C923C56F4F003702A7 /* XCRemoteSwiftPackageReference "SwiftWebUI" */ = {
			isa = XCRemoteSwiftPackageReference;
			repositoryURL = "https://github.com/SwiftWebUI/SwiftWebUI.git";
			requirement = {
				branch = develop;
				kind = branch;
			};
		};
/* End XCRemoteSwiftPackageReference section */

/* Begin XCSwiftPackageProductDependency section */
		62E988CA23C56F4F003702A7 /* SwiftWebUI */ = {
			isa = XCSwiftPackageProductDependency;
			package = 62E988C923C56F4F003702A7 /* XCRemoteSwiftPackageReference "SwiftWebUI" */;
			productName = SwiftWebUI;
		};
/* End XCSwiftPackageProductDependency section */
	};
	rootObject = 62E988B723C56EA2003702A7 /* Project object */;
}
